
Microsoft Visual Studio Solution File, Format Version 12.00
# Visual Studio Version 16
VisualStudioVersion = 16.0.31112.23
MinimumVisualStudioVersion = 10.0.40219.1
Project("{FAE04EC0-301F-11D3-BF4B-00C04F79EFBC}") = "Chat", "Chat.csproj", "{E2FA4A7D-05DE-4219-988A-59A0E410095C}"
EndProject
Global
	GlobalSection(SolutionConfigurationPlatforms) = preSolution
		Debug|Any CPU = Debug|Any CPU
		Release|Any CPU = Release|Any CPU
	EndGlobalSection
	GlobalSection(ProjectConfigurationPlatforms) = postSolution
		{E2FA4A7D-05DE-4219-988A-59A0E410095C}.Debug|Any CPU.ActiveCfg = Debug|Any CPU
		{E2FA4A7D-05DE-4219-988A-59A0E410095C}.Debug|Any CPU.Build.0 = Debug|Any CPU
		{E2FA4A7D-05DE-4219-988A-59A0E410095C}.Release|Any CPU.ActiveCfg = Release|Any CPU
		{E2FA4A7D-05DE-4219-988A-59A0E410095C}.Release|Any CPU.Build.0 = Release|Any CPU
	EndGlobalSection
	GlobalSection(SolutionProperties) = preSolution
		HideSolutionNode = FALSE
	EndGlobalSection
	GlobalSection(ExtensibilityGlobals) = postSolution
		SolutionGuid = {F93770AC-57D2-451A-B721-59C577CC30DC}
	EndGlobalSection
EndGlobal
